// !$*UTF8*$!
{
	archiveVersion = 1;
	classes = {
	};
	objectVersion = 50;
	objects = {

/* Begin PBXBuildFile section */
		4406709A21B34A9F00FEE38D /* SettingsViewController.swift in Sources */ = {isa = PBXBuildFile; fileRef = 4406709921B34A9F00FEE38D /* SettingsViewController.swift */; };
		448CB59D21AF91C70051E59A /* AppDelegate.swift in Sources */ = {isa = PBXBuildFile; fileRef = 448CB59C21AF91C70051E59A /* AppDelegate.swift */; };
		448CB59F21AF91C70051E59A /* ViewController.swift in Sources */ = {isa = PBXBuildFile; fileRef = 448CB59E21AF91C70051E59A /* ViewController.swift */; };
		448CB5A221AF91C70051E59A /* Main.storyboard in Resources */ = {isa = PBXBuildFile; fileRef = 448CB5A021AF91C70051E59A /* Main.storyboard */; };
		448CB5A421AF91CA0051E59A /* Assets.xcassets in Resources */ = {isa = PBXBuildFile; fileRef = 448CB5A321AF91CA0051E59A /* Assets.xcassets */; };
		448CB5A721AF91CA0051E59A /* LaunchScreen.storyboard in Resources */ = {isa = PBXBuildFile; fileRef = 448CB5A521AF91CA0051E59A /* LaunchScreen.storyboard */; };
		448CB5B221AF91CB0051E59A /* SocialStocksTests.swift in Sources */ = {isa = PBXBuildFile; fileRef = 448CB5B121AF91CB0051E59A /* SocialStocksTests.swift */; };
		448CB5BD21AF91CB0051E59A /* SocialStocksUITests.swift in Sources */ = {isa = PBXBuildFile; fileRef = 448CB5BC21AF91CB0051E59A /* SocialStocksUITests.swift */; };
		448CB5CB21AF92180051E59A /* HomeViewController.swift in Sources */ = {isa = PBXBuildFile; fileRef = 448CB5CA21AF92180051E59A /* HomeViewController.swift */; };
		448CB5CD21AF92470051E59A /* User.swift in Sources */ = {isa = PBXBuildFile; fileRef = 448CB5CC21AF92470051E59A /* User.swift */; };
		448CB5CF21AF92BB0051E59A /* StockTableViewCell.swift in Sources */ = {isa = PBXBuildFile; fileRef = 448CB5CE21AF92BB0051E59A /* StockTableViewCell.swift */; };
		448CB5D121AF93170051E59A /* StockScreenViewController.swift in Sources */ = {isa = PBXBuildFile; fileRef = 448CB5D021AF93170051E59A /* StockScreenViewController.swift */; };
		448CB5D321AF93350051E59A /* Stock.swift in Sources */ = {isa = PBXBuildFile; fileRef = 448CB5D221AF93350051E59A /* Stock.swift */; };
		448CB5DF21AFCC5B0051E59A /* NetworkManager.swift in Sources */ = {isa = PBXBuildFile; fileRef = 448CB5DE21AFCC5B0051E59A /* NetworkManager.swift */; };
		44E3885A21B3083F006162CB /* MakeAnAccountViewController.swift in Sources */ = {isa = PBXBuildFile; fileRef = 44E3885921B3083F006162CB /* MakeAnAccountViewController.swift */; };
		44ECBEBC21B2401800E7D5B3 /* AddFriendsViewController.swift in Sources */ = {isa = PBXBuildFile; fileRef = 44ECBEBB21B2401800E7D5B3 /* AddFriendsViewController.swift */; };
		44ECBEBE21B2424300E7D5B3 /* QRScannerController.swift in Sources */ = {isa = PBXBuildFile; fileRef = 44ECBEBD21B2424300E7D5B3 /* QRScannerController.swift */; };
		8798FF970BC817693148930E /* Pods_SocialStocks.framework in Frameworks */ = {isa = PBXBuildFile; fileRef = 7D601B57558DC9224A607138 /* Pods_SocialStocks.framework */; };
/* End PBXBuildFile section */

/* Begin PBXContainerItemProxy section */
		448CB5AE21AF91CB0051E59A /* PBXContainerItemProxy */ = {
			isa = PBXContainerItemProxy;
			containerPortal = 448CB59121AF91C70051E59A /* Project object */;
			proxyType = 1;
			remoteGlobalIDString = 448CB59821AF91C70051E59A;
			remoteInfo = SocialStocks;
		};
		448CB5B921AF91CB0051E59A /* PBXContainerItemProxy */ = {
			isa = PBXContainerItemProxy;
			containerPortal = 448CB59121AF91C70051E59A /* Project object */;
			proxyType = 1;
			remoteGlobalIDString = 448CB59821AF91C70051E59A;
			remoteInfo = SocialStocks;
		};
/* End PBXContainerItemProxy section */

/* Begin PBXFileReference section */
		276EE338D3FC7F16E65C11F1 /* Pods_SocialStocksUITests.framework */ = {isa = PBXFileReference; explicitFileType = wrapper.framework; includeInIndex = 0; path = Pods_SocialStocksUITests.framework; sourceTree = BUILT_PRODUCTS_DIR; };
		3666A7C528EA2F51BCFCFE80 /* Pods_SocialStocksTests.framework */ = {isa = PBXFileReference; explicitFileType = wrapper.framework; includeInIndex = 0; path = Pods_SocialStocksTests.framework; sourceTree = BUILT_PRODUCTS_DIR; };
		4340EF3816094FD1EC4997C8 /* Pods-SocialStocks.debug.xcconfig */ = {isa = PBXFileReference; includeInIndex = 1; lastKnownFileType = text.xcconfig; name = "Pods-SocialStocks.debug.xcconfig"; path = "Pods/Target Support Files/Pods-SocialStocks/Pods-SocialStocks.debug.xcconfig"; sourceTree = "<group>"; };
		4406709921B34A9F00FEE38D /* SettingsViewController.swift */ = {isa = PBXFileReference; lastKnownFileType = sourcecode.swift; path = SettingsViewController.swift; sourceTree = "<group>"; };
		448CB59921AF91C70051E59A /* SocialStocks.app */ = {isa = PBXFileReference; explicitFileType = wrapper.application; includeInIndex = 0; path = SocialStocks.app; sourceTree = BUILT_PRODUCTS_DIR; };
		448CB59C21AF91C70051E59A /* AppDelegate.swift */ = {isa = PBXFileReference; lastKnownFileType = sourcecode.swift; path = AppDelegate.swift; sourceTree = "<group>"; };
		448CB59E21AF91C70051E59A /* ViewController.swift */ = {isa = PBXFileReference; lastKnownFileType = sourcecode.swift; path = ViewController.swift; sourceTree = "<group>"; };
		448CB5A121AF91C70051E59A /* Base */ = {isa = PBXFileReference; lastKnownFileType = file.storyboard; name = Base; path = Base.lproj/Main.storyboard; sourceTree = "<group>"; };
		448CB5A321AF91CA0051E59A /* Assets.xcassets */ = {isa = PBXFileReference; lastKnownFileType = folder.assetcatalog; path = Assets.xcassets; sourceTree = "<group>"; };
		448CB5A621AF91CA0051E59A /* Base */ = {isa = PBXFileReference; lastKnownFileType = file.storyboard; name = Base; path = Base.lproj/LaunchScreen.storyboard; sourceTree = "<group>"; };
		448CB5A821AF91CB0051E59A /* Info.plist */ = {isa = PBXFileReference; lastKnownFileType = text.plist.xml; path = Info.plist; sourceTree = "<group>"; };
		448CB5AD21AF91CB0051E59A /* SocialStocksTests.xctest */ = {isa = PBXFileReference; explicitFileType = wrapper.cfbundle; includeInIndex = 0; path = SocialStocksTests.xctest; sourceTree = BUILT_PRODUCTS_DIR; };
		448CB5B121AF91CB0051E59A /* SocialStocksTests.swift */ = {isa = PBXFileReference; lastKnownFileType = sourcecode.swift; path = SocialStocksTests.swift; sourceTree = "<group>"; };
		448CB5B321AF91CB0051E59A /* Info.plist */ = {isa = PBXFileReference; lastKnownFileType = text.plist.xml; path = Info.plist; sourceTree = "<group>"; };
		448CB5B821AF91CB0051E59A /* SocialStocksUITests.xctest */ = {isa = PBXFileReference; explicitFileType = wrapper.cfbundle; includeInIndex = 0; path = SocialStocksUITests.xctest; sourceTree = BUILT_PRODUCTS_DIR; };
		448CB5BC21AF91CB0051E59A /* SocialStocksUITests.swift */ = {isa = PBXFileReference; lastKnownFileType = sourcecode.swift; path = SocialStocksUITests.swift; sourceTree = "<group>"; };
		448CB5BE21AF91CB0051E59A /* Info.plist */ = {isa = PBXFileReference; lastKnownFileType = text.plist.xml; path = Info.plist; sourceTree = "<group>"; };
		448CB5CA21AF92180051E59A /* HomeViewController.swift */ = {isa = PBXFileReference; lastKnownFileType = sourcecode.swift; path = HomeViewController.swift; sourceTree = "<group>"; };
		448CB5CC21AF92470051E59A /* User.swift */ = {isa = PBXFileReference; lastKnownFileType = sourcecode.swift; path = User.swift; sourceTree = "<group>"; };
		448CB5CE21AF92BB0051E59A /* StockTableViewCell.swift */ = {isa = PBXFileReference; lastKnownFileType = sourcecode.swift; path = StockTableViewCell.swift; sourceTree = SOURCE_ROOT; };
		448CB5D021AF93170051E59A /* StockScreenViewController.swift */ = {isa = PBXFileReference; lastKnownFileType = sourcecode.swift; path = StockScreenViewController.swift; sourceTree = "<group>"; };
		448CB5D221AF93350051E59A /* Stock.swift */ = {isa = PBXFileReference; lastKnownFileType = sourcecode.swift; path = Stock.swift; sourceTree = "<group>"; };
		448CB5DA21AFB3660051E59A /* SocialStocks-Bridging-Header.h */ = {isa = PBXFileReference; lastKnownFileType = sourcecode.c.h; name = "SocialStocks-Bridging-Header.h"; path = "../../../.Trash/SocialStocks-Bridging-Header.h"; sourceTree = "<group>"; };
		448CB5DE21AFCC5B0051E59A /* NetworkManager.swift */ = {isa = PBXFileReference; lastKnownFileType = sourcecode.swift; path = NetworkManager.swift; sourceTree = "<group>"; };
		44E3885921B3083F006162CB /* MakeAnAccountViewController.swift */ = {isa = PBXFileReference; lastKnownFileType = sourcecode.swift; path = MakeAnAccountViewController.swift; sourceTree = "<group>"; };
		44ECBEBB21B2401800E7D5B3 /* AddFriendsViewController.swift */ = {isa = PBXFileReference; lastKnownFileType = sourcecode.swift; path = AddFriendsViewController.swift; sourceTree = "<group>"; };
		44ECBEBD21B2424300E7D5B3 /* QRScannerController.swift */ = {isa = PBXFileReference; lastKnownFileType = sourcecode.swift; path = QRScannerController.swift; sourceTree = "<group>"; };
		7D601B57558DC9224A607138 /* Pods_SocialStocks.framework */ = {isa = PBXFileReference; explicitFileType = wrapper.framework; includeInIndex = 0; path = Pods_SocialStocks.framework; sourceTree = BUILT_PRODUCTS_DIR; };
		A23EEF637F98EB30267E588B /* Pods-SocialStocks.release.xcconfig */ = {isa = PBXFileReference; includeInIndex = 1; lastKnownFileType = text.xcconfig; name = "Pods-SocialStocks.release.xcconfig"; path = "Pods/Target Support Files/Pods-SocialStocks/Pods-SocialStocks.release.xcconfig"; sourceTree = "<group>"; };
/* End PBXFileReference section */

/* Begin PBXFrameworksBuildPhase section */
		448CB59621AF91C70051E59A /* Frameworks */ = {
			isa = PBXFrameworksBuildPhase;
			buildActionMask = 2147483647;
			files = (
				8798FF970BC817693148930E /* Pods_SocialStocks.framework in Frameworks */,
			);
			runOnlyForDeploymentPostprocessing = 0;
		};
		448CB5AA21AF91CB0051E59A /* Frameworks */ = {
			isa = PBXFrameworksBuildPhase;
			buildActionMask = 2147483647;
			files = (
			);
			runOnlyForDeploymentPostprocessing = 0;
		};
		448CB5B521AF91CB0051E59A /* Frameworks */ = {
			isa = PBXFrameworksBuildPhase;
			buildActionMask = 2147483647;
			files = (
			);
			runOnlyForDeploymentPostprocessing = 0;
		};
/* End PBXFrameworksBuildPhase section */

/* Begin PBXGroup section */
		0331D231EE358DA7CFD6EDE1 /* Frameworks */ = {
			isa = PBXGroup;
			children = (
				7D601B57558DC9224A607138 /* Pods_SocialStocks.framework */,
				3666A7C528EA2F51BCFCFE80 /* Pods_SocialStocksTests.framework */,
				276EE338D3FC7F16E65C11F1 /* Pods_SocialStocksUITests.framework */,
			);
			name = Frameworks;
			sourceTree = "<group>";
		};
		448CB59021AF91C70051E59A = {
			isa = PBXGroup;
			children = (
				448CB59B21AF91C70051E59A /* SocialStocks */,
				448CB5B021AF91CB0051E59A /* SocialStocksTests */,
				448CB5BB21AF91CB0051E59A /* SocialStocksUITests */,
				448CB59A21AF91C70051E59A /* Products */,
				FF498E6C87777D720C496257 /* Pods */,
				0331D231EE358DA7CFD6EDE1 /* Frameworks */,
			);
			sourceTree = "<group>";
		};
		448CB59A21AF91C70051E59A /* Products */ = {
			isa = PBXGroup;
			children = (
				448CB59921AF91C70051E59A /* SocialStocks.app */,
				448CB5AD21AF91CB0051E59A /* SocialStocksTests.xctest */,
				448CB5B821AF91CB0051E59A /* SocialStocksUITests.xctest */,
			);
			name = Products;
			sourceTree = "<group>";
		};
		448CB59B21AF91C70051E59A /* SocialStocks */ = {
			isa = PBXGroup;
			children = (
				448CB59C21AF91C70051E59A /* AppDelegate.swift */,
				448CB59E21AF91C70051E59A /* ViewController.swift */,
				44E3885921B3083F006162CB /* MakeAnAccountViewController.swift */,
				448CB5CA21AF92180051E59A /* HomeViewController.swift */,
				4406709921B34A9F00FEE38D /* SettingsViewController.swift */,
				44ECBEBB21B2401800E7D5B3 /* AddFriendsViewController.swift */,
				44ECBEBD21B2424300E7D5B3 /* QRScannerController.swift */,
				448CB5CE21AF92BB0051E59A /* StockTableViewCell.swift */,
				448CB5D021AF93170051E59A /* StockScreenViewController.swift */,
				448CB5DE21AFCC5B0051E59A /* NetworkManager.swift */,
				448CB5CC21AF92470051E59A /* User.swift */,
				448CB5D221AF93350051E59A /* Stock.swift */,
				448CB5A021AF91C70051E59A /* Main.storyboard */,
				448CB5A321AF91CA0051E59A /* Assets.xcassets */,
				448CB5A521AF91CA0051E59A /* LaunchScreen.storyboard */,
				448CB5DA21AFB3660051E59A /* SocialStocks-Bridging-Header.h */,
				448CB5DB21AFB5E80051E59A /* Leave Alone */,
				448CB5A821AF91CB0051E59A /* Info.plist */,
			);
			path = SocialStocks;
			sourceTree = "<group>";
		};
		448CB5B021AF91CB0051E59A /* SocialStocksTests */ = {
			isa = PBXGroup;
			children = (
				448CB5B121AF91CB0051E59A /* SocialStocksTests.swift */,
				448CB5B321AF91CB0051E59A /* Info.plist */,
			);
			path = SocialStocksTests;
			sourceTree = "<group>";
		};
		448CB5BB21AF91CB0051E59A /* SocialStocksUITests */ = {
			isa = PBXGroup;
			children = (
				448CB5BC21AF91CB0051E59A /* SocialStocksUITests.swift */,
				448CB5BE21AF91CB0051E59A /* Info.plist */,
			);
			path = SocialStocksUITests;
			sourceTree = "<group>";
		};
		448CB5DB21AFB5E80051E59A /* Leave Alone */ = {
			isa = PBXGroup;
			children = (
			);
			path = "Leave Alone";
			sourceTree = "<group>";
		};
		FF498E6C87777D720C496257 /* Pods */ = {
			isa = PBXGroup;
			children = (
				4340EF3816094FD1EC4997C8 /* Pods-SocialStocks.debug.xcconfig */,
				A23EEF637F98EB30267E588B /* Pods-SocialStocks.release.xcconfig */,
			);
			name = Pods;
			sourceTree = "<group>";
		};
/* End PBXGroup section */

/* Begin PBXNativeTarget section */
		448CB59821AF91C70051E59A /* SocialStocks */ = {
			isa = PBXNativeTarget;
			buildConfigurationList = 448CB5C121AF91CB0051E59A /* Build configuration list for PBXNativeTarget "SocialStocks" */;
			buildPhases = (
				040B97025E0CD53847F85E6B /* [CP] Check Pods Manifest.lock */,
				448CB59521AF91C70051E59A /* Sources */,
				448CB59621AF91C70051E59A /* Frameworks */,
				448CB59721AF91C70051E59A /* Resources */,
				F16ABACDEEB7DC320363DB89 /* [CP] Embed Pods Frameworks */,
				B8568DACEC46038E7F8FD9F5 /* [CP] Copy Pods Resources */,
			);
			buildRules = (
			);
			dependencies = (
			);
			name = SocialStocks;
			productName = SocialStocks;
			productReference = 448CB59921AF91C70051E59A /* SocialStocks.app */;
			productType = "com.apple.product-type.application";
		};
		448CB5AC21AF91CB0051E59A /* SocialStocksTests */ = {
			isa = PBXNativeTarget;
			buildConfigurationList = 448CB5C421AF91CB0051E59A /* Build configuration list for PBXNativeTarget "SocialStocksTests" */;
			buildPhases = (
				448CB5A921AF91CB0051E59A /* Sources */,
				448CB5AA21AF91CB0051E59A /* Frameworks */,
				448CB5AB21AF91CB0051E59A /* Resources */,
			);
			buildRules = (
			);
			dependencies = (
				448CB5AF21AF91CB0051E59A /* PBXTargetDependency */,
			);
			name = SocialStocksTests;
			productName = SocialStocksTests;
			productReference = 448CB5AD21AF91CB0051E59A /* SocialStocksTests.xctest */;
			productType = "com.apple.product-type.bundle.unit-test";
		};
		448CB5B721AF91CB0051E59A /* SocialStocksUITests */ = {
			isa = PBXNativeTarget;
			buildConfigurationList = 448CB5C721AF91CB0051E59A /* Build configuration list for PBXNativeTarget "SocialStocksUITests" */;
			buildPhases = (
				448CB5B421AF91CB0051E59A /* Sources */,
				448CB5B521AF91CB0051E59A /* Frameworks */,
				448CB5B621AF91CB0051E59A /* Resources */,
			);
			buildRules = (
			);
			dependencies = (
				448CB5BA21AF91CB0051E59A /* PBXTargetDependency */,
			);
			name = SocialStocksUITests;
			productName = SocialStocksUITests;
			productReference = 448CB5B821AF91CB0051E59A /* SocialStocksUITests.xctest */;
			productType = "com.apple.product-type.bundle.ui-testing";
		};
/* End PBXNativeTarget section */

/* Begin PBXProject section */
		448CB59121AF91C70051E59A /* Project object */ = {
			isa = PBXProject;
			attributes = {
				LastSwiftUpdateCheck = 1000;
				LastUpgradeCheck = 1000;
				ORGANIZATIONNAME = "William Rockwell Evans";
				TargetAttributes = {
					448CB59821AF91C70051E59A = {
						CreatedOnToolsVersion = 10.0;
						LastSwiftMigration = 1000;
					};
					448CB5AC21AF91CB0051E59A = {
						CreatedOnToolsVersion = 10.0;
						TestTargetID = 448CB59821AF91C70051E59A;
					};
					448CB5B721AF91CB0051E59A = {
						CreatedOnToolsVersion = 10.0;
						TestTargetID = 448CB59821AF91C70051E59A;
					};
				};
			};
			buildConfigurationList = 448CB59421AF91C70051E59A /* Build configuration list for PBXProject "SocialStocks" */;
			compatibilityVersion = "Xcode 9.3";
			developmentRegion = en;
			hasScannedForEncodings = 0;
			knownRegions = (
				en,
				Base,
			);
			mainGroup = 448CB59021AF91C70051E59A;
			productRefGroup = 448CB59A21AF91C70051E59A /* Products */;
			projectDirPath = "";
			projectRoot = "";
			targets = (
				448CB59821AF91C70051E59A /* SocialStocks */,
				448CB5AC21AF91CB0051E59A /* SocialStocksTests */,
				448CB5B721AF91CB0051E59A /* SocialStocksUITests */,
			);
		};
/* End PBXProject section */

/* Begin PBXResourcesBuildPhase section */
		448CB59721AF91C70051E59A /* Resources */ = {
			isa = PBXResourcesBuildPhase;
			buildActionMask = 2147483647;
			files = (
				448CB5A721AF91CA0051E59A /* LaunchScreen.storyboard in Resources */,
				448CB5A421AF91CA0051E59A /* Assets.xcassets in Resources */,
				448CB5A221AF91C70051E59A /* Main.storyboard in Resources */,
			);
			runOnlyForDeploymentPostprocessing = 0;
		};
		448CB5AB21AF91CB0051E59A /* Resources */ = {
			isa = PBXResourcesBuildPhase;
			buildActionMask = 2147483647;
			files = (
			);
			runOnlyForDeploymentPostprocessing = 0;
		};
		448CB5B621AF91CB0051E59A /* Resources */ = {
			isa = PBXResourcesBuildPhase;
			buildActionMask = 2147483647;
			files = (
			);
			runOnlyForDeploymentPostprocessing = 0;
		};
/* End PBXResourcesBuildPhase section */

/* Begin PBXShellScriptBuildPhase section */
		040B97025E0CD53847F85E6B /* [CP] Check Pods Manifest.lock */ = {
			isa = PBXShellScriptBuildPhase;
			buildActionMask = 2147483647;
			files = (
			);
			inputFileListPaths = (
			);
			inputPaths = (
				"${PODS_PODFILE_DIR_PATH}/Podfile.lock",
				"${PODS_ROOT}/Manifest.lock",
			);
			name = "[CP] Check Pods Manifest.lock";
			outputFileListPaths = (
			);
			outputPaths = (
				"$(DERIVED_FILE_DIR)/Pods-SocialStocks-checkManifestLockResult.txt",
			);
			runOnlyForDeploymentPostprocessing = 0;
			shellPath = /bin/sh;
			shellScript = "diff \"${PODS_PODFILE_DIR_PATH}/Podfile.lock\" \"${PODS_ROOT}/Manifest.lock\" > /dev/null\nif [ $? != 0 ] ; then\n    # print error to STDERR\n    echo \"error: The sandbox is not in sync with the Podfile.lock. Run 'pod install' or update your CocoaPods installation.\" >&2\n    exit 1\nfi\n# This output is used by Xcode 'outputs' to avoid re-running this script phase.\necho \"SUCCESS\" > \"${SCRIPT_OUTPUT_FILE_0}\"\n";
			showEnvVarsInLog = 0;
		};
		B8568DACEC46038E7F8FD9F5 /* [CP] Copy Pods Resources */ = {
			isa = PBXShellScriptBuildPhase;
			buildActionMask = 2147483647;
			files = (
			);
			inputFileListPaths = (
			);
			inputPaths = (
				"${SRCROOT}/Pods/Target Support Files/Pods-SocialStocks/Pods-SocialStocks-resources.sh",
				"${PODS_ROOT}/GoogleSignIn/Resources/GoogleSignIn.bundle",
			);
			name = "[CP] Copy Pods Resources";
			outputFileListPaths = (
			);
			outputPaths = (
				"${TARGET_BUILD_DIR}/${UNLOCALIZED_RESOURCES_FOLDER_PATH}/GoogleSignIn.bundle",
			);
			runOnlyForDeploymentPostprocessing = 0;
			shellPath = /bin/sh;
			shellScript = "\"${SRCROOT}/Pods/Target Support Files/Pods-SocialStocks/Pods-SocialStocks-resources.sh\"\n";
			showEnvVarsInLog = 0;
		};
		F16ABACDEEB7DC320363DB89 /* [CP] Embed Pods Frameworks */ = {
			isa = PBXShellScriptBuildPhase;
			buildActionMask = 2147483647;
			files = (
			);
			inputFileListPaths = (
			);
			inputPaths = (
				"${SRCROOT}/Pods/Target Support Files/Pods-SocialStocks/Pods-SocialStocks-frameworks.sh",
				"${BUILT_PRODUCTS_DIR}/Alamofire/Alamofire.framework",
				"${BUILT_PRODUCTS_DIR}/GTMSessionFetcher/GTMSessionFetcher.framework",
				"${BUILT_PRODUCTS_DIR}/GoogleToolboxForMac/GoogleToolboxForMac.framework",
				"${BUILT_PRODUCTS_DIR}/QRCode/QRCode.framework",
				"${BUILT_PRODUCTS_DIR}/SnapKit/SnapKit.framework",
				"${BUILT_PRODUCTS_DIR}/SwiftyJSON/SwiftyJSON.framework",
			);
			name = "[CP] Embed Pods Frameworks";
			outputFileListPaths = (
			);
			outputPaths = (
				"${TARGET_BUILD_DIR}/${FRAMEWORKS_FOLDER_PATH}/Alamofire.framework",
				"${TARGET_BUILD_DIR}/${FRAMEWORKS_FOLDER_PATH}/GTMSessionFetcher.framework",
				"${TARGET_BUILD_DIR}/${FRAMEWORKS_FOLDER_PATH}/GoogleToolboxForMac.framework",
				"${TARGET_BUILD_DIR}/${FRAMEWORKS_FOLDER_PATH}/QRCode.framework",
				"${TARGET_BUILD_DIR}/${FRAMEWORKS_FOLDER_PATH}/SnapKit.framework",
				"${TARGET_BUILD_DIR}/${FRAMEWORKS_FOLDER_PATH}/SwiftyJSON.framework",
			);
			runOnlyForDeploymentPostprocessing = 0;
			shellPath = /bin/sh;
			shellScript = "\"${SRCROOT}/Pods/Target Support Files/Pods-SocialStocks/Pods-SocialStocks-frameworks.sh\"\n";
			showEnvVarsInLog = 0;
		};
/* End PBXShellScriptBuildPhase section */

/* Begin PBXSourcesBuildPhase section */
		448CB59521AF91C70051E59A /* Sources */ = {
			isa = PBXSourcesBuildPhase;
			buildActionMask = 2147483647;
			files = (
				448CB5CF21AF92BB0051E59A /* StockTableViewCell.swift in Sources */,
				448CB5D121AF93170051E59A /* StockScreenViewController.swift in Sources */,
				448CB5CD21AF92470051E59A /* User.swift in Sources */,
				448CB5D321AF93350051E59A /* Stock.swift in Sources */,
				448CB5DF21AFCC5B0051E59A /* NetworkManager.swift in Sources */,
				448CB59F21AF91C70051E59A /* ViewController.swift in Sources */,
				44ECBEBC21B2401800E7D5B3 /* AddFriendsViewController.swift in Sources */,
				44ECBEBE21B2424300E7D5B3 /* QRScannerController.swift in Sources */,
				448CB59D21AF91C70051E59A /* AppDelegate.swift in Sources */,
				44E3885A21B3083F006162CB /* MakeAnAccountViewController.swift in Sources */,
				448CB5CB21AF92180051E59A /* HomeViewController.swift in Sources */,
				4406709A21B34A9F00FEE38D /* SettingsViewController.swift in Sources */,
			);
			runOnlyForDeploymentPostprocessing = 0;
		};
		448CB5A921AF91CB0051E59A /* Sources */ = {
			isa = PBXSourcesBuildPhase;
			buildActionMask = 2147483647;
			files = (
				448CB5B221AF91CB0051E59A /* SocialStocksTests.swift in Sources */,
			);
			runOnlyForDeploymentPostprocessing = 0;
		};
		448CB5B421AF91CB0051E59A /* Sources */ = {
			isa = PBXSourcesBuildPhase;
			buildActionMask = 2147483647;
			files = (
				448CB5BD21AF91CB0051E59A /* SocialStocksUITests.swift in Sources */,
			);
			runOnlyForDeploymentPostprocessing = 0;
		};
/* End PBXSourcesBuildPhase section */

/* Begin PBXTargetDependency section */
		448CB5AF21AF91CB0051E59A /* PBXTargetDependency */ = {
			isa = PBXTargetDependency;
			target = 448CB59821AF91C70051E59A /* SocialStocks */;
			targetProxy = 448CB5AE21AF91CB0051E59A /* PBXContainerItemProxy */;
		};
		448CB5BA21AF91CB0051E59A /* PBXTargetDependency */ = {
			isa = PBXTargetDependency;
			target = 448CB59821AF91C70051E59A /* SocialStocks */;
			targetProxy = 448CB5B921AF91CB0051E59A /* PBXContainerItemProxy */;
		};
/* End PBXTargetDependency section */

/* Begin PBXVariantGroup section */
		448CB5A021AF91C70051E59A /* Main.storyboard */ = {
			isa = PBXVariantGroup;
			children = (
				448CB5A121AF91C70051E59A /* Base */,
			);
			name = Main.storyboard;
			sourceTree = "<group>";
		};
		448CB5A521AF91CA0051E59A /* LaunchScreen.storyboard */ = {
			isa = PBXVariantGroup;
			children = (
				448CB5A621AF91CA0051E59A /* Base */,
			);
			name = LaunchScreen.storyboard;
			sourceTree = "<group>";
		};
/* End PBXVariantGroup section */

/* Begin XCBuildConfiguration section */
		448CB5BF21AF91CB0051E59A /* Debug */ = {
			isa = XCBuildConfiguration;
			buildSettings = {
				ALWAYS_SEARCH_USER_PATHS = NO;
				CLANG_ANALYZER_NONNULL = YES;
				CLANG_ANALYZER_NUMBER_OBJECT_CONVERSION = YES_AGGRESSIVE;
				CLANG_CXX_LANGUAGE_STANDARD = "gnu++14";
				CLANG_CXX_LIBRARY = "libc++";
				CLANG_ENABLE_MODULES = YES;
				CLANG_ENABLE_OBJC_ARC = YES;
				CLANG_ENABLE_OBJC_WEAK = YES;
				CLANG_WARN_BLOCK_CAPTURE_AUTORELEASING = YES;
				CLANG_WARN_BOOL_CONVERSION = YES;
				CLANG_WARN_COMMA = YES;
				CLANG_WARN_CONSTANT_CONVERSION = YES;
				CLANG_WARN_DEPRECATED_OBJC_IMPLEMENTATIONS = YES;
				CLANG_WARN_DIRECT_OBJC_ISA_USAGE = YES_ERROR;
				CLANG_WARN_DOCUMENTATION_COMMENTS = YES;
				CLANG_WARN_EMPTY_BODY = YES;
				CLANG_WARN_ENUM_CONVERSION = YES;
				CLANG_WARN_INFINITE_RECURSION = YES;
				CLANG_WARN_INT_CONVERSION = YES;
				CLANG_WARN_NON_LITERAL_NULL_CONVERSION = YES;
				CLANG_WARN_OBJC_IMPLICIT_RETAIN_SELF = YES;
				CLANG_WARN_OBJC_LITERAL_CONVERSION = YES;
				CLANG_WARN_OBJC_ROOT_CLASS = YES_ERROR;
				CLANG_WARN_RANGE_LOOP_ANALYSIS = YES;
				CLANG_WARN_STRICT_PROTOTYPES = YES;
				CLANG_WARN_SUSPICIOUS_MOVE = YES;
				CLANG_WARN_UNGUARDED_AVAILABILITY = YES_AGGRESSIVE;
				CLANG_WARN_UNREACHABLE_CODE = YES;
				CLANG_WARN__DUPLICATE_METHOD_MATCH = YES;
				CODE_SIGN_IDENTITY = "iPhone Developer";
				COPY_PHASE_STRIP = NO;
				DEBUG_INFORMATION_FORMAT = dwarf;
				ENABLE_STRICT_OBJC_MSGSEND = YES;
				ENABLE_TESTABILITY = YES;
				GCC_C_LANGUAGE_STANDARD = gnu11;
				GCC_DYNAMIC_NO_PIC = NO;
				GCC_NO_COMMON_BLOCKS = YES;
				GCC_OPTIMIZATION_LEVEL = 0;
				GCC_PREPROCESSOR_DEFINITIONS = (
					"DEBUG=1",
					"$(inherited)",
				);
				GCC_WARN_64_TO_32_BIT_CONVERSION = YES;
				GCC_WARN_ABOUT_RETURN_TYPE = YES_ERROR;
				GCC_WARN_UNDECLARED_SELECTOR = YES;
				GCC_WARN_UNINITIALIZED_AUTOS = YES_AGGRESSIVE;
				GCC_WARN_UNUSED_FUNCTION = YES;
				GCC_WARN_UNUSED_VARIABLE = YES;
				IPHONEOS_DEPLOYMENT_TARGET = 12.0;
				MTL_ENABLE_DEBUG_INFO = INCLUDE_SOURCE;
				MTL_FAST_MATH = YES;
				ONLY_ACTIVE_ARCH = YES;
				SDKROOT = iphoneos;
				SWIFT_ACTIVE_COMPILATION_CONDITIONS = DEBUG;
				SWIFT_OPTIMIZATION_LEVEL = "-Onone";
			};
			name = Debug;
		};
		448CB5C021AF91CB0051E59A /* Release */ = {
			isa = XCBuildConfiguration;
			buildSettings = {
				ALWAYS_SEARCH_USER_PATHS = NO;
				CLANG_ANALYZER_NONNULL = YES;
				CLANG_ANALYZER_NUMBER_OBJECT_CONVERSION = YES_AGGRESSIVE;
				CLANG_CXX_LANGUAGE_STANDARD = "gnu++14";
				CLANG_CXX_LIBRARY = "libc++";
				CLANG_ENABLE_MODULES = YES;
				CLANG_ENABLE_OBJC_ARC = YES;
				CLANG_ENABLE_OBJC_WEAK = YES;
				CLANG_WARN_BLOCK_CAPTURE_AUTORELEASING = YES;
				CLANG_WARN_BOOL_CONVERSION = YES;
				CLANG_WARN_COMMA = YES;
				CLANG_WARN_CONSTANT_CONVERSION = YES;
				CLANG_WARN_DEPRECATED_OBJC_IMPLEMENTATIONS = YES;
				CLANG_WARN_DIRECT_OBJC_ISA_USAGE = YES_ERROR;
				CLANG_WARN_DOCUMENTATION_COMMENTS = YES;
				CLANG_WARN_EMPTY_BODY = YES;
				CLANG_WARN_ENUM_CONVERSION = YES;
				CLANG_WARN_INFINITE_RECURSION = YES;
				CLANG_WARN_INT_CONVERSION = YES;
				CLANG_WARN_NON_LITERAL_NULL_CONVERSION = YES;
				CLANG_WARN_OBJC_IMPLICIT_RETAIN_SELF = YES;
				CLANG_WARN_OBJC_LITERAL_CONVERSION = YES;
				CLANG_WARN_OBJC_ROOT_CLASS = YES_ERROR;
				CLANG_WARN_RANGE_LOOP_ANALYSIS = YES;
				CLANG_WARN_STRICT_PROTOTYPES = YES;
				CLANG_WARN_SUSPICIOUS_MOVE = YES;
				CLANG_WARN_UNGUARDED_AVAILABILITY = YES_AGGRESSIVE;
				CLANG_WARN_UNREACHABLE_CODE = YES;
				CLANG_WARN__DUPLICATE_METHOD_MATCH = YES;
				CODE_SIGN_IDENTITY = "iPhone Developer";
				COPY_PHASE_STRIP = NO;
				DEBUG_INFORMATION_FORMAT = "dwarf-with-dsym";
				ENABLE_NS_ASSERTIONS = NO;
				ENABLE_STRICT_OBJC_MSGSEND = YES;
				GCC_C_LANGUAGE_STANDARD = gnu11;
				GCC_NO_COMMON_BLOCKS = YES;
				GCC_WARN_64_TO_32_BIT_CONVERSION = YES;
				GCC_WARN_ABOUT_RETURN_TYPE = YES_ERROR;
				GCC_WARN_UNDECLARED_SELECTOR = YES;
				GCC_WARN_UNINITIALIZED_AUTOS = YES_AGGRESSIVE;
				GCC_WARN_UNUSED_FUNCTION = YES;
				GCC_WARN_UNUSED_VARIABLE = YES;
				IPHONEOS_DEPLOYMENT_TARGET = 12.0;
				MTL_ENABLE_DEBUG_INFO = NO;
				MTL_FAST_MATH = YES;
				SDKROOT = iphoneos;
				SWIFT_COMPILATION_MODE = wholemodule;
				SWIFT_OPTIMIZATION_LEVEL = "-O";
				VALIDATE_PRODUCT = YES;
			};
			name = Release;
		};
		448CB5C221AF91CB0051E59A /* Debug */ = {
			isa = XCBuildConfiguration;
			baseConfigurationReference = 4340EF3816094FD1EC4997C8 /* Pods-SocialStocks.debug.xcconfig */;
			buildSettings = {
				ASSETCATALOG_COMPILER_APPICON_NAME = AppIcon;
				CLANG_ENABLE_MODULES = YES;
				CODE_SIGN_STYLE = Automatic;
				DEVELOPMENT_TEAM = PQ54R86WZ2;
				INFOPLIST_FILE = SocialStocks/Info.plist;
				IPHONEOS_DEPLOYMENT_TARGET = 11.4;
				LD_RUNPATH_SEARCH_PATHS = (
					"$(inherited)",
					"@executable_path/Frameworks",
				);
				PRODUCT_BUNDLE_IDENTIFIER = AAAAA.SocialStocks;
				PRODUCT_NAME = "$(TARGET_NAME)";
				SWIFT_OBJC_BRIDGING_HEADER = "SocialStocks/SocialStocks-Bridging-Header.h";
				SWIFT_OPTIMIZATION_LEVEL = "-Onone";
				SWIFT_VERSION = 4.2;
				TARGETED_DEVICE_FAMILY = "1,2";
			};
			name = Debug;
		};
		448CB5C321AF91CB0051E59A /* Release */ = {
			isa = XCBuildConfiguration;
			baseConfigurationReference = A23EEF637F98EB30267E588B /* Pods-SocialStocks.release.xcconfig */;
			buildSettings = {
				ASSETCATALOG_COMPILER_APPICON_NAME = AppIcon;
				CLANG_ENABLE_MODULES = YES;
				CODE_SIGN_STYLE = Automatic;
				DEVELOPMENT_TEAM = PQ54R86WZ2;
				INFOPLIST_FILE = SocialStocks/Info.plist;
				IPHONEOS_DEPLOYMENT_TARGET = 11.4;
				LD_RUNPATH_SEARCH_PATHS = (
					"$(inherited)",
					"@executable_path/Frameworks",
				);
				PRODUCT_BUNDLE_IDENTIFIER = AAAAA.SocialStocks;
				PRODUCT_NAME = "$(TARGET_NAME)";
				SWIFT_OBJC_BRIDGING_HEADER = "SocialStocks/SocialStocks-Bridging-Header.h";
				SWIFT_VERSION = 4.2;
				TARGETED_DEVICE_FAMILY = "1,2";
			};
			name = Release;
		};
		448CB5C521AF91CB0051E59A /* Debug */ = {
			isa = XCBuildConfiguration;
			buildSettings = {
				ALWAYS_EMBED_SWIFT_STANDARD_LIBRARIES = YES;
				BUNDLE_LOADER = "$(TEST_HOST)";
				CODE_SIGN_STYLE = Automatic;
				INFOPLIST_FILE = SocialStocksTests/Info.plist;
				LD_RUNPATH_SEARCH_PATHS = (
					"$(inherited)",
					"@executable_path/Frameworks",
					"@loader_path/Frameworks",
				);
				PRODUCT_BUNDLE_IDENTIFIER = AAAAA.SocialStocksTests;
				PRODUCT_NAME = "$(TARGET_NAME)";
				SWIFT_VERSION = 4.2;
				TARGETED_DEVICE_FAMILY = "1,2";
				TEST_HOST = "$(BUILT_PRODUCTS_DIR)/SocialStocks.app/SocialStocks";
			};
			name = Debug;
		};
		448CB5C621AF91CB0051E59A /* Release */ = {
			isa = XCBuildConfiguration;
			buildSettings = {
				ALWAYS_EMBED_SWIFT_STANDARD_LIBRARIES = YES;
				BUNDLE_LOADER = "$(TEST_HOST)";
				CODE_SIGN_STYLE = Automatic;
				INFOPLIST_FILE = SocialStocksTests/Info.plist;
				LD_RUNPATH_SEARCH_PATHS = (
					"$(inherited)",
					"@executable_path/Frameworks",
					"@loader_path/Frameworks",
				);
				PRODUCT_BUNDLE_IDENTIFIER = AAAAA.SocialStocksTests;
				PRODUCT_NAME = "$(TARGET_NAME)";
				SWIFT_VERSION = 4.2;
				TARGETED_DEVICE_FAMILY = "1,2";
				TEST_HOST = "$(BUILT_PRODUCTS_DIR)/SocialStocks.app/SocialStocks";
			};
			name = Release;
		};
		448CB5C821AF91CB0051E59A /* Debug */ = {
			isa = XCBuildConfiguration;
			buildSettings = {
				ALWAYS_EMBED_SWIFT_STANDARD_LIBRARIES = YES;
				CODE_SIGN_STYLE = Automatic;
				INFOPLIST_FILE = SocialStocksUITests/Info.plist;
				LD_RUNPATH_SEARCH_PATHS = (
					"$(inherited)",
					"@executable_path/Frameworks",
					"@loader_path/Frameworks",
				);
				PRODUCT_BUNDLE_IDENTIFIER = AAAAA.SocialStocksUITests;
				PRODUCT_NAME = "$(TARGET_NAME)";
				SWIFT_VERSION = 4.2;
				TARGETED_DEVICE_FAMILY = "1,2";
				TEST_TARGET_NAME = SocialStocks;
			};
			name = Debug;
		};
		448CB5C921AF91CB0051E59A /* Release */ = {
			isa = XCBuildConfiguration;
			buildSettings = {
				ALWAYS_EMBED_SWIFT_STANDARD_LIBRARIES = YES;
				CODE_SIGN_STYLE = Automatic;
				INFOPLIST_FILE = SocialStocksUITests/Info.plist;
				LD_RUNPATH_SEARCH_PATHS = (
					"$(inherited)",
					"@executable_path/Frameworks",
					"@loader_path/Frameworks",
				);
				PRODUCT_BUNDLE_IDENTIFIER = AAAAA.SocialStocksUITests;
				PRODUCT_NAME = "$(TARGET_NAME)";
				SWIFT_VERSION = 4.2;
				TARGETED_DEVICE_FAMILY = "1,2";
				TEST_TARGET_NAME = SocialStocks;
			};
			name = Release;
		};
/* End XCBuildConfiguration section */

/* Begin XCConfigurationList section */
		448CB59421AF91C70051E59A /* Build configuration list for PBXProject "SocialStocks" */ = {
			isa = XCConfigurationList;
			buildConfigurations = (
				448CB5BF21AF91CB0051E59A /* Debug */,
				448CB5C021AF91CB0051E59A /* Release */,
			);
			defaultConfigurationIsVisible = 0;
			defaultConfigurationName = Release;
		};
		448CB5C121AF91CB0051E59A /* Build configuration list for PBXNativeTarget "SocialStocks" */ = {
			isa = XCConfigurationList;
			buildConfigurations = (
				448CB5C221AF91CB0051E59A /* Debug */,
				448CB5C321AF91CB0051E59A /* Release */,
			);
			defaultConfigurationIsVisible = 0;
			defaultConfigurationName = Release;
		};
		448CB5C421AF91CB0051E59A /* Build configuration list for PBXNativeTarget "SocialStocksTests" */ = {
			isa = XCConfigurationList;
			buildConfigurations = (
				448CB5C521AF91CB0051E59A /* Debug */,
				448CB5C621AF91CB0051E59A /* Release */,
			);
			defaultConfigurationIsVisible = 0;
			defaultConfigurationName = Release;
		};
		448CB5C721AF91CB0051E59A /* Build configuration list for PBXNativeTarget "SocialStocksUITests" */ = {
			isa = XCConfigurationList;
			buildConfigurations = (
				448CB5C821AF91CB0051E59A /* Debug */,
				448CB5C921AF91CB0051E59A /* Release */,
			);
			defaultConfigurationIsVisible = 0;
			defaultConfigurationName = Release;
		};
/* End XCConfigurationList section */
	};
	rootObject = 448CB59121AF91C70051E59A /* Project object */;
}
